
Microsoft Visual Studio Solution File, Format Version 11.00
# Visual Studio 2010
Project("{FAE04EC0-301F-11D3-BF4B-00C04F79EFBC}") = "Consoletest001", "Consoletest001.csproj", "{5383379E-3CA3-4DC6-9B78-51EE4800977B}"
EndProject
Global
	GlobalSection(SolutionConfigurationPlatforms) = preSolution
		Debug|Any CPU = Debug|Any CPU
		Release|Any CPU = Release|Any CPU
	EndGlobalSection
	GlobalSection(ProjectConfigurationPlatforms) = postSolution
		{5383379E-3CA3-4DC6-9B78-51EE4800977B}.Debug|Any CPU.ActiveCfg = Debug|Any CPU
		{5383379E-3CA3-4DC6-9B78-51EE4800977B}.Debug|Any CPU.Build.0 = Debug|Any CPU
		{5383379E-3CA3-4DC6-9B78-51EE4800977B}.Release|Any CPU.ActiveCfg = Release|Any CPU
		{5383379E-3CA3-4DC6-9B78-51EE4800977B}.Release|Any CPU.Build.0 = Release|Any CPU
	EndGlobalSection
	GlobalSection(SolutionProperties) = preSolution
		HideSolutionNode = FALSE
	EndGlobalSection
EndGlobal
